// !$*UTF8*$!
{
	archiveVersion = 1;
	classes = {
	};
	objectVersion = 50;
	objects = {

/* Begin PBXBuildFile section */
		B8CB100D23D49A70005484AD /* AppDelegate.swift in Sources */ = {isa = PBXBuildFile; fileRef = B8CB100C23D49A70005484AD /* AppDelegate.swift */; };
		B8CB100F23D49A70005484AD /* SceneDelegate.swift in Sources */ = {isa = PBXBuildFile; fileRef = B8CB100E23D49A70005484AD /* SceneDelegate.swift */; };
		B8CB101123D49A70005484AD /* ViewController.swift in Sources */ = {isa = PBXBuildFile; fileRef = B8CB101023D49A70005484AD /* ViewController.swift */; };
		B8CB101723D49A70005484AD /* Aware.xcdatamodeld in Sources */ = {isa = PBXBuildFile; fileRef = B8CB101523D49A70005484AD /* Aware.xcdatamodeld */; };
		B8CB101923D49A73005484AD /* Assets.xcassets in Resources */ = {isa = PBXBuildFile; fileRef = B8CB101823D49A73005484AD /* Assets.xcassets */; };
		B8CB101C23D49A73005484AD /* LaunchScreen.storyboard in Resources */ = {isa = PBXBuildFile; fileRef = B8CB101A23D49A73005484AD /* LaunchScreen.storyboard */; };
		B8CB102423D4A0C0005484AD /* Resnet50.mlmodel in Sources */ = {isa = PBXBuildFile; fileRef = B8CB102323D4A0BF005484AD /* Resnet50.mlmodel */; };
		B8CB102623D4A5C8005484AD /* Main.storyboard in Resources */ = {isa = PBXBuildFile; fileRef = B8CB102523D4A5C8005484AD /* Main.storyboard */; };
		B8CB102823D4AB93005484AD /* logo.png in Resources */ = {isa = PBXBuildFile; fileRef = B8CB102723D4AB93005484AD /* logo.png */; };
/* End PBXBuildFile section */

/* Begin PBXFileReference section */
		B8CB100923D49A70005484AD /* Aware.app */ = {isa = PBXFileReference; explicitFileType = wrapper.application; includeInIndex = 0; path = Aware.app; sourceTree = BUILT_PRODUCTS_DIR; };
		B8CB100C23D49A70005484AD /* AppDelegate.swift */ = {isa = PBXFileReference; lastKnownFileType = sourcecode.swift; path = AppDelegate.swift; sourceTree = "<group>"; };
		B8CB100E23D49A70005484AD /* SceneDelegate.swift */ = {isa = PBXFileReference; lastKnownFileType = sourcecode.swift; path = SceneDelegate.swift; sourceTree = "<group>"; };
		B8CB101023D49A70005484AD /* ViewController.swift */ = {isa = PBXFileReference; lastKnownFileType = sourcecode.swift; path = ViewController.swift; sourceTree = "<group>"; };
		B8CB101623D49A70005484AD /* Aware.xcdatamodel */ = {isa = PBXFileReference; lastKnownFileType = wrapper.xcdatamodel; path = Aware.xcdatamodel; sourceTree = "<group>"; };
		B8CB101823D49A73005484AD /* Assets.xcassets */ = {isa = PBXFileReference; lastKnownFileType = folder.assetcatalog; path = Assets.xcassets; sourceTree = "<group>"; };
		B8CB101B23D49A73005484AD /* Base */ = {isa = PBXFileReference; lastKnownFileType = file.storyboard; name = Base; path = Base.lproj/LaunchScreen.storyboard; sourceTree = "<group>"; };
		B8CB101D23D49A73005484AD /* Info.plist */ = {isa = PBXFileReference; lastKnownFileType = text.plist.xml; path = Info.plist; sourceTree = "<group>"; };
		B8CB102323D4A0BF005484AD /* Resnet50.mlmodel */ = {isa = PBXFileReference; lastKnownFileType = file.mlmodel; path = Resnet50.mlmodel; sourceTree = "<group>"; };
		B8CB102523D4A5C8005484AD /* Main.storyboard */ = {isa = PBXFileReference; fileEncoding = 4; lastKnownFileType = file.storyboard; path = Main.storyboard; sourceTree = "<group>"; };
		B8CB102723D4AB93005484AD /* logo.png */ = {isa = PBXFileReference; lastKnownFileType = image.png; path = logo.png; sourceTree = SOURCE_ROOT; };
/* End PBXFileReference section */

/* Begin PBXFrameworksBuildPhase section */
		B8CB100623D49A70005484AD /* Frameworks */ = {
			isa = PBXFrameworksBuildPhase;
			buildActionMask = 2147483647;
			files = (
			);
			runOnlyForDeploymentPostprocessing = 0;
		};
/* End PBXFrameworksBuildPhase section */

/* Begin PBXGroup section */
		B8CB100023D49A70005484AD = {
			isa = PBXGroup;
			children = (
				B8CB100B23D49A70005484AD /* Aware */,
				B8CB100A23D49A70005484AD /* Products */,
			);
			sourceTree = "<group>";
		};
		B8CB100A23D49A70005484AD /* Products */ = {
			isa = PBXGroup;
			children = (
				B8CB100923D49A70005484AD /* Aware.app */,
			);
			name = Products;
			sourceTree = "<group>";
		};
		B8CB100B23D49A70005484AD /* Aware */ = {
			isa = PBXGroup;
			children = (
				B8CB100C23D49A70005484AD /* AppDelegate.swift */,
				B8CB100E23D49A70005484AD /* SceneDelegate.swift */,
				B8CB101023D49A70005484AD /* ViewController.swift */,
				B8CB102523D4A5C8005484AD /* Main.storyboard */,
				B8CB101823D49A73005484AD /* Assets.xcassets */,
				B8CB101A23D49A73005484AD /* LaunchScreen.storyboard */,
				B8CB101D23D49A73005484AD /* Info.plist */,
				B8CB102723D4AB93005484AD /* logo.png */,
				B8CB102323D4A0BF005484AD /* Resnet50.mlmodel */,
				B8CB101523D49A70005484AD /* Aware.xcdatamodeld */,
			);
			path = Aware;
			sourceTree = "<group>";
		};
/* End PBXGroup section */

/* Begin PBXNativeTarget section */
		B8CB100823D49A70005484AD /* Aware */ = {
			isa = PBXNativeTarget;
			buildConfigurationList = B8CB102023D49A73005484AD /* Build configuration list for PBXNativeTarget "Aware" */;
			buildPhases = (
				B8CB100523D49A70005484AD /* Sources */,
				B8CB100623D49A70005484AD /* Frameworks */,
				B8CB100723D49A70005484AD /* Resources */,
			);
			buildRules = (
			);
			dependencies = (
			);
			name = Aware;
			productName = Aware;
			productReference = B8CB100923D49A70005484AD /* Aware.app */;
			productType = "com.apple.product-type.application";
		};
/* End PBXNativeTarget section */

/* Begin PBXProject section */
		B8CB100123D49A70005484AD /* Project object */ = {
			isa = PBXProject;
			attributes = {
				LastSwiftUpdateCheck = 1120;
				LastUpgradeCheck = 1120;
				ORGANIZATIONNAME = Shusil;
				TargetAttributes = {
					B8CB100823D49A70005484AD = {
						CreatedOnToolsVersion = 11.2.1;
					};
				};
			};
			buildConfigurationList = B8CB100423D49A70005484AD /* Build configuration list for PBXProject "Aware" */;
			compatibilityVersion = "Xcode 9.3";
			developmentRegion = en;
			hasScannedForEncodings = 0;
			knownRegions = (
				en,
				Base,
			);
			mainGroup = B8CB100023D49A70005484AD;
			productRefGroup = B8CB100A23D49A70005484AD /* Products */;
			projectDirPath = "";
			projectRoot = "";
			targets = (
				B8CB100823D49A70005484AD /* Aware */,
			);
		};
/* End PBXProject section */

/* Begin PBXResourcesBuildPhase section */
		B8CB100723D49A70005484AD /* Resources */ = {
			isa = PBXResourcesBuildPhase;
			buildActionMask = 2147483647;
			files = (
				B8CB102823D4AB93005484AD /* logo.png in Resources */,
				B8CB101C23D49A73005484AD /* LaunchScreen.storyboard in Resources */,
				B8CB101923D49A73005484AD /* Assets.xcassets in Resources */,
				B8CB102623D4A5C8005484AD /* Main.storyboard in Resources */,
			);
			runOnlyForDeploymentPostprocessing = 0;
		};
/* End PBXResourcesBuildPhase section */

/* Begin PBXSourcesBuildPhase section */
		B8CB100523D49A70005484AD /* Sources */ = {
			isa = PBXSourcesBuildPhase;
			buildActionMask = 2147483647;
			files = (
				B8CB102423D4A0C0005484AD /* Resnet50.mlmodel in Sources */,
				B8CB101123D49A70005484AD /* ViewController.swift in Sources */,
				B8CB100D23D49A70005484AD /* AppDelegate.swift in Sources */,
				B8CB101723D49A70005484AD /* Aware.xcdatamodeld in Sources */,
				B8CB100F23D49A70005484AD /* SceneDelegate.swift in Sources */,
			);
			runOnlyForDeploymentPostprocessing = 0;
		};
/* End PBXSourcesBuildPhase section */

/* Begin PBXVariantGroup section */
		B8CB101A23D49A73005484AD /* LaunchScreen.storyboard */ = {
			isa = PBXVariantGroup;
			children = (
				B8CB101B23D49A73005484AD /* Base */,
			);
			name = LaunchScreen.storyboard;
			sourceTree = "<group>";
		};
/* End PBXVariantGroup section */

/* Begin XCBuildConfiguration section */
		B8CB101E23D49A73005484AD /* Debug */ = {
			isa = XCBuildConfiguration;
			buildSettings = {
				ALWAYS_SEARCH_USER_PATHS = NO;
				CLANG_ANALYZER_NONNULL = YES;
				CLANG_ANALYZER_NUMBER_OBJECT_CONVERSION = YES_AGGRESSIVE;
				CLANG_CXX_LANGUAGE_STANDARD = "gnu++14";
				CLANG_CXX_LIBRARY = "libc++";
				CLANG_ENABLE_MODULES = YES;
				CLANG_ENABLE_OBJC_ARC = YES;
				CLANG_ENABLE_OBJC_WEAK = YES;
				CLANG_WARN_BLOCK_CAPTURE_AUTORELEASING = YES;
				CLANG_WARN_BOOL_CONVERSION = YES;
				CLANG_WARN_COMMA = YES;
				CLANG_WARN_CONSTANT_CONVERSION = YES;
				CLANG_WARN_DEPRECATED_OBJC_IMPLEMENTATIONS = YES;
				CLANG_WARN_DIRECT_OBJC_ISA_USAGE = YES_ERROR;
				CLANG_WARN_DOCUMENTATION_COMMENTS = YES;
				CLANG_WARN_EMPTY_BODY = YES;
				CLANG_WARN_ENUM_CONVERSION = YES;
				CLANG_WARN_INFINITE_RECURSION = YES;
				CLANG_WARN_INT_CONVERSION = YES;
				CLANG_WARN_NON_LITERAL_NULL_CONVERSION = YES;
				CLANG_WARN_OBJC_IMPLICIT_RETAIN_SELF = YES;
				CLANG_WARN_OBJC_LITERAL_CONVERSION = YES;
				CLANG_WARN_OBJC_ROOT_CLASS = YES_ERROR;
				CLANG_WARN_RANGE_LOOP_ANALYSIS = YES;
				CLANG_WARN_STRICT_PROTOTYPES = YES;
				CLANG_WARN_SUSPICIOUS_MOVE = YES;
				CLANG_WARN_UNGUARDED_AVAILABILITY = YES_AGGRESSIVE;
				CLANG_WARN_UNREACHABLE_CODE = YES;
				CLANG_WARN__DUPLICATE_METHOD_MATCH = YES;
				COPY_PHASE_STRIP = NO;
				DEBUG_INFORMATION_FORMAT = dwarf;
				ENABLE_STRICT_OBJC_MSGSEND = YES;
				ENABLE_TESTABILITY = YES;
				GCC_C_LANGUAGE_STANDARD = gnu11;
				GCC_DYNAMIC_NO_PIC = NO;
				GCC_NO_COMMON_BLOCKS = YES;
				GCC_OPTIMIZATION_LEVEL = 0;
				GCC_PREPROCESSOR_DEFINITIONS = (
					"DEBUG=1",
					"$(inherited)",
				);
				GCC_WARN_64_TO_32_BIT_CONVERSION = YES;
				GCC_WARN_ABOUT_RETURN_TYPE = YES_ERROR;
				GCC_WARN_UNDECLARED_SELECTOR = YES;
				GCC_WARN_UNINITIALIZED_AUTOS = YES_AGGRESSIVE;
				GCC_WARN_UNUSED_FUNCTION = YES;
				GCC_WARN_UNUSED_VARIABLE = YES;
				IPHONEOS_DEPLOYMENT_TARGET = 13.0;
				MTL_ENABLE_DEBUG_INFO = INCLUDE_SOURCE;
				MTL_FAST_MATH = YES;
				ONLY_ACTIVE_ARCH = YES;
				SDKROOT = iphoneos;
				SWIFT_ACTIVE_COMPILATION_CONDITIONS = DEBUG;
				SWIFT_OPTIMIZATION_LEVEL = "-Onone";
			};
			name = Debug;
		};
		B8CB101F23D49A73005484AD /* Release */ = {
			isa = XCBuildConfiguration;
			buildSettings = {
				ALWAYS_SEARCH_USER_PATHS = NO;
				CLANG_ANALYZER_NONNULL = YES;
				CLANG_ANALYZER_NUMBER_OBJECT_CONVERSION = YES_AGGRESSIVE;
				CLANG_CXX_LANGUAGE_STANDARD = "gnu++14";
				CLANG_CXX_LIBRARY = "libc++";
				CLANG_ENABLE_MODULES = YES;
				CLANG_ENABLE_OBJC_ARC = YES;
				CLANG_ENABLE_OBJC_WEAK = YES;
				CLANG_WARN_BLOCK_CAPTURE_AUTORELEASING = YES;
				CLANG_WARN_BOOL_CONVERSION = YES;
				CLANG_WARN_COMMA = YES;
				CLANG_WARN_CONSTANT_CONVERSION = YES;
				CLANG_WARN_DEPRECATED_OBJC_IMPLEMENTATIONS = YES;
				CLANG_WARN_DIRECT_OBJC_ISA_USAGE = YES_ERROR;
				CLANG_WARN_DOCUMENTATION_COMMENTS = YES;
				CLANG_WARN_EMPTY_BODY = YES;
				CLANG_WARN_ENUM_CONVERSION = YES;
				CLANG_WARN_INFINITE_RECURSION = YES;
				CLANG_WARN_INT_CONVERSION = YES;
				CLANG_WARN_NON_LITERAL_NULL_CONVERSION = YES;
				CLANG_WARN_OBJC_IMPLICIT_RETAIN_SELF = YES;
				CLANG_WARN_OBJC_LITERAL_CONVERSION = YES;
				CLANG_WARN_OBJC_ROOT_CLASS = YES_ERROR;
				CLANG_WARN_RANGE_LOOP_ANALYSIS = YES;
				CLANG_WARN_STRICT_PROTOTYPES = YES;
				CLANG_WARN_SUSPICIOUS_MOVE = YES;
				CLANG_WARN_UNGUARDED_AVAILABILITY = YES_AGGRESSIVE;
				CLANG_WARN_UNREACHABLE_CODE = YES;
				CLANG_WARN__DUPLICATE_METHOD_MATCH = YES;
				COPY_PHASE_STRIP = NO;
				DEBUG_INFORMATION_FORMAT = "dwarf-with-dsym";
				ENABLE_NS_ASSERTIONS = NO;
				ENABLE_STRICT_OBJC_MSGSEND = YES;
				GCC_C_LANGUAGE_STANDARD = gnu11;
				GCC_NO_COMMON_BLOCKS = YES;
				GCC_WARN_64_TO_32_BIT_CONVERSION = YES;
				GCC_WARN_ABOUT_RETURN_TYPE = YES_ERROR;
				GCC_WARN_UNDECLARED_SELECTOR = YES;
				GCC_WARN_UNINITIALIZED_AUTOS = YES_AGGRESSIVE;
				GCC_WARN_UNUSED_FUNCTION = YES;
				GCC_WARN_UNUSED_VARIABLE = YES;
				IPHONEOS_DEPLOYMENT_TARGET = 13.0;
				MTL_ENABLE_DEBUG_INFO = NO;
				MTL_FAST_MATH = YES;
				SDKROOT = iphoneos;
				SWIFT_COMPILATION_MODE = wholemodule;
				SWIFT_OPTIMIZATION_LEVEL = "-O";
				VALIDATE_PRODUCT = YES;
			};
			name = Release;
		};
		B8CB102123D49A73005484AD /* Debug */ = {
			isa = XCBuildConfiguration;
			buildSettings = {
				ASSETCATALOG_COMPILER_APPICON_NAME = AppIcon;
				CODE_SIGN_STYLE = Automatic;
				DEVELOPMENT_TEAM = RQ6T2D88MB;
				INFOPLIST_FILE = Aware/Info.plist;
				LD_RUNPATH_SEARCH_PATHS = (
					"$(inherited)",
					"@executable_path/Frameworks",
				);
				PRODUCT_BUNDLE_IDENTIFIER = com.awareTeam.Aware;
				PRODUCT_NAME = "$(TARGET_NAME)";
				SWIFT_VERSION = 5.0;
				TARGETED_DEVICE_FAMILY = "1,2";
			};
			name = Debug;
		};
		B8CB102223D49A73005484AD /* Release */ = {
			isa = XCBuildConfiguration;
			buildSettings = {
				ASSETCATALOG_COMPILER_APPICON_NAME = AppIcon;
				CODE_SIGN_STYLE = Automatic;
				DEVELOPMENT_TEAM = RQ6T2D88MB;
				INFOPLIST_FILE = Aware/Info.plist;
				LD_RUNPATH_SEARCH_PATHS = (
					"$(inherited)",
					"@executable_path/Frameworks",
				);
				PRODUCT_BUNDLE_IDENTIFIER = com.awareTeam.Aware;
				PRODUCT_NAME = "$(TARGET_NAME)";
				SWIFT_VERSION = 5.0;
				TARGETED_DEVICE_FAMILY = "1,2";
			};
			name = Release;
		};
/* End XCBuildConfiguration section */

/* Begin XCConfigurationList section */
		B8CB100423D49A70005484AD /* Build configuration list for PBXProject "Aware" */ = {
			isa = XCConfigurationList;
			buildConfigurations = (
				B8CB101E23D49A73005484AD /* Debug */,
				B8CB101F23D49A73005484AD /* Release */,
			);
			defaultConfigurationIsVisible = 0;
			defaultConfigurationName = Release;
		};
		B8CB102023D49A73005484AD /* Build configuration list for PBXNativeTarget "Aware" */ = {
			isa = XCConfigurationList;
			buildConfigurations = (
				B8CB102123D49A73005484AD /* Debug */,
				B8CB102223D49A73005484AD /* Release */,
			);
			defaultConfigurationIsVisible = 0;
			defaultConfigurationName = Release;
		};
/* End XCConfigurationList section */

/* Begin XCVersionGroup section */
		B8CB101523D49A70005484AD /* Aware.xcdatamodeld */ = {
			isa = XCVersionGroup;
			children = (
				B8CB101623D49A70005484AD /* Aware.xcdatamodel */,
			);
			currentVersion = B8CB101623D49A70005484AD /* Aware.xcdatamodel */;
			path = Aware.xcdatamodeld;
			sourceTree = "<group>";
			versionGroupType = wrapper.xcdatamodel;
		};
/* End XCVersionGroup section */
	};
	rootObject = B8CB100123D49A70005484AD /* Project object */;
}
